
Microsoft Visual Studio Solution File, Format Version 12.00
# Visual Studio Version 17
VisualStudioVersion = 17.14.36301.6 d17.14
MinimumVisualStudioVersion = 10.0.40219.1
Project("{FAE04EC0-301F-11D3-BF4B-00C04F79EFBC}") = "ragBotBackend", "ragBotBackend.csproj", "{5D607879-D23E-47CC-8686-C97256D67EB5}"
EndProject
Global
	GlobalSection(SolutionConfigurationPlatforms) = preSolution
		Debug|Any CPU = Debug|Any CPU
		Release|Any CPU = Release|Any CPU
	EndGlobalSection
	GlobalSection(ProjectConfigurationPlatforms) = postSolution
		{5D607879-D23E-47CC-8686-C97256D67EB5}.Debug|Any CPU.ActiveCfg = Debug|Any CPU
		{5D607879-D23E-47CC-8686-C97256D67EB5}.Debug|Any CPU.Build.0 = Debug|Any CPU
		{5D607879-D23E-47CC-8686-C97256D67EB5}.Release|Any CPU.ActiveCfg = Release|Any CPU
		{5D607879-D23E-47CC-8686-C97256D67EB5}.Release|Any CPU.Build.0 = Release|Any CPU
	EndGlobalSection
	GlobalSection(SolutionProperties) = preSolution
		HideSolutionNode = FALSE
	EndGlobalSection
	GlobalSection(ExtensibilityGlobals) = postSolution
		SolutionGuid = {444B4D3C-790D-4539-B4E5-160689BDE99B}
	EndGlobalSection
EndGlobal
